
Microsoft Visual Studio Solution File, Format Version 12.00
# Visual Studio Version 16
VisualStudioVersion = 16.0.30717.126
MinimumVisualStudioVersion = 10.0.40219.1
Project("{FAE04EC0-301F-11D3-BF4B-00C04F79EFBC}") = "EasyChat-FrontEnd", "EasyChat-FrontEnd.csproj", "{EF682D46-2B86-44BB-A727-A271B5E5FC98}"
EndProject
Global
	GlobalSection(SolutionConfigurationPlatforms) = preSolution
		Debug|Any CPU = Debug|Any CPU
		Debug|x64 = Debug|x64
		Release|Any CPU = Release|Any CPU
		Release|x64 = Release|x64
	EndGlobalSection
	GlobalSection(ProjectConfigurationPlatforms) = postSolution
		{EF682D46-2B86-44BB-A727-A271B5E5FC98}.Debug|Any CPU.ActiveCfg = Debug|Any CPU
		{EF682D46-2B86-44BB-A727-A271B5E5FC98}.Debug|Any CPU.Build.0 = Debug|Any CPU
		{EF682D46-2B86-44BB-A727-A271B5E5FC98}.Debug|x64.ActiveCfg = Debug|x64
		{EF682D46-2B86-44BB-A727-A271B5E5FC98}.Debug|x64.Build.0 = Debug|x64
		{EF682D46-2B86-44BB-A727-A271B5E5FC98}.Release|Any CPU.ActiveCfg = Release|Any CPU
		{EF682D46-2B86-44BB-A727-A271B5E5FC98}.Release|Any CPU.Build.0 = Release|Any CPU
		{EF682D46-2B86-44BB-A727-A271B5E5FC98}.Release|x64.ActiveCfg = Release|x64
		{EF682D46-2B86-44BB-A727-A271B5E5FC98}.Release|x64.Build.0 = Release|x64
	EndGlobalSection
	GlobalSection(SolutionProperties) = preSolution
		HideSolutionNode = FALSE
	EndGlobalSection
	GlobalSection(ExtensibilityGlobals) = postSolution
		SolutionGuid = {BCC6965E-9EEA-460C-9FF8-102E32D2514E}
	EndGlobalSection
EndGlobal
